
Microsoft Visual Studio Solution File, Format Version 12.00
# Visual Studio Version 16
VisualStudioVersion = 16.0.31321.278
MinimumVisualStudioVersion = 10.0.40219.1
Project("{FAE04EC0-301F-11D3-BF4B-00C04F79EFBC}") = "Astro Renamer", "src\Astro Renamer.csproj", "{80750900-2B8F-471F-B83B-90F587FFE91D}"
EndProject
Global
	GlobalSection(SolutionConfigurationPlatforms) = preSolution
		Debug|Any CPU = Debug|Any CPU
		Release|Any CPU = Release|Any CPU
	EndGlobalSection
	GlobalSection(ProjectConfigurationPlatforms) = postSolution
		{80750900-2B8F-471F-B83B-90F587FFE91D}.Debug|Any CPU.ActiveCfg = Debug|Any CPU
		{80750900-2B8F-471F-B83B-90F587FFE91D}.Debug|Any CPU.Build.0 = Debug|Any CPU
		{80750900-2B8F-471F-B83B-90F587FFE91D}.Release|Any CPU.ActiveCfg = Release|Any CPU
		{80750900-2B8F-471F-B83B-90F587FFE91D}.Release|Any CPU.Build.0 = Release|Any CPU
	EndGlobalSection
	GlobalSection(SolutionProperties) = preSolution
		HideSolutionNode = FALSE
	EndGlobalSection
	GlobalSection(ExtensibilityGlobals) = postSolution
		SolutionGuid = {DCE870E2-6E3A-4A5F-AD75-A81A6332D62C}
	EndGlobalSection
EndGlobal
